
Microsoft Visual Studio Solution File, Format Version 12.00
# Visual Studio Version 16
VisualStudioVersion = 16.0.31605.320
MinimumVisualStudioVersion = 10.0.40219.1
Project("{FAE04EC0-301F-11D3-BF4B-00C04F79EFBC}") = "StudyCsharpWithJackie", "StudyCsharpWithJackie\StudyCsharpWithJackie.csproj", "{46E3A9DF-2C0E-4788-9A08-97F58EB7DA7F}"
EndProject
Global
	GlobalSection(SolutionConfigurationPlatforms) = preSolution
		Debug|Any CPU = Debug|Any CPU
		Release|Any CPU = Release|Any CPU
	EndGlobalSection
	GlobalSection(ProjectConfigurationPlatforms) = postSolution
		{46E3A9DF-2C0E-4788-9A08-97F58EB7DA7F}.Debug|Any CPU.ActiveCfg = Debug|Any CPU
		{46E3A9DF-2C0E-4788-9A08-97F58EB7DA7F}.Debug|Any CPU.Build.0 = Debug|Any CPU
		{46E3A9DF-2C0E-4788-9A08-97F58EB7DA7F}.Release|Any CPU.ActiveCfg = Release|Any CPU
		{46E3A9DF-2C0E-4788-9A08-97F58EB7DA7F}.Release|Any CPU.Build.0 = Release|Any CPU
	EndGlobalSection
	GlobalSection(SolutionProperties) = preSolution
		HideSolutionNode = FALSE
	EndGlobalSection
	GlobalSection(ExtensibilityGlobals) = postSolution
		SolutionGuid = {E6F2BF22-6A85-4AD6-9F5C-7F3EB72A5D45}
	EndGlobalSection
EndGlobal
